<?xml version="1.0" encoding="utf-8"?>
<Project ToolsVersion="4.0" xmlns="http://schemas.microsoft.com/developer/msbuild/2003">
  <ItemGroup>
    <Filter Include="Исходные файлы">
      <UniqueIdentifier>{4FC737F1-C7A5-4376-A066-2A32D752A2FF}</UniqueIdentifier>
      <Extensions>cpp;c;cc;cxx;c++;cppm;ixx;def;odl;idl;hpj;bat;asm;asmx</Extensions>
    </Filter>
    <Filter Include="Файлы заголовков">
      <UniqueIdentifier>{93995380-89BD-4b04-88EB-625FBE52EBFB}</UniqueIdentifier>
      <Extensions>h;hh;hpp;hxx;h++;hm;inl;inc;ipp;xsd</Extensions>
    </Filter>
    <Filter Include="Файлы ресурсов">
      <UniqueIdentifier>{67DA6AB6-F800-4c08-8B7A-83BB121AAD01}</UniqueIdentifier>
      <Extensions>rc;ico;cur;bmp;dlg;rc2;rct;bin;rgs;gif;jpg;jpeg;jpe;resx;tiff;tif;png;wav;mfcribbon-ms</Extensions>
    </Filter>
    <Filter Include="Исходные файлы\dx11">
      <UniqueIdentifier>{20e962ab-5ef4-4d9c-8d4c-c0084c3f14fd}</UniqueIdentifier>
    </Filter>
    <Filter Include="Файлы заголовков\dx11">
      <UniqueIdentifier>{6f40cbe6-e16a-4c87-847c-960df60c151e}</UniqueIdentifier>
    </Filter>
    <Filter Include="Файлы заголовков\dx11\shaders">
      <UniqueIdentifier>{8e0a0898-a08b-4a47-95a8-0d041f0648dc}</UniqueIdentifier>
    </Filter>
    <Filter Include="Исходные файлы\dx11\shaders">
      <UniqueIdentifier>{37b0d532-1af9-459f-9b92-321dac04038a}</UniqueIdentifier>
    </Filter>
    <Filter Include="Файлы заголовков\3rd_party">
      <UniqueIdentifier>{7f8bb1cd-8cf2-4cea-971a-75b5d5ca2c35}</UniqueIdentifier>
    </Filter>
    <Filter Include="Исходные файлы\3rd_party">
      <UniqueIdentifier>{485e1d79-870f-458e-8f4b-e1171c4c77b1}</UniqueIdentifier>
    </Filter>
    <Filter Include="Исходные файлы\3rd_party\imgui">
      <UniqueIdentifier>{f178579d-7ec7-45b0-a81c-552a1641da40}</UniqueIdentifier>
    </Filter>
    <Filter Include="Файлы заголовков\3rd_party\imgui">
      <UniqueIdentifier>{ea5fd777-03aa-480b-af6e-203e78cf5109}</UniqueIdentifier>
    </Filter>
  </ItemGroup>
  <ItemGroup>
    <ClCompile Include="main.cpp">
      <Filter>Исходные файлы</Filter>
    </ClCompile>
    <ClCompile Include="primitives.cpp">
      <Filter>Исходные файлы</Filter>
    </ClCompile>
    <ClCompile Include="dx11\dx11_renderer.cpp">
      <Filter>Исходные файлы\dx11</Filter>
    </ClCompile>
    <ClCompile Include="mesh.cpp">
      <Filter>Исходные файлы</Filter>
    </ClCompile>
    <ClCompile Include="scene.cpp">
      <Filter>Исходные файлы</Filter>
    </ClCompile>
    <ClCompile Include="mesh_instance.cpp">
      <Filter>Исходные файлы</Filter>
    </ClCompile>
    <ClCompile Include="camera.cpp">
      <Filter>Исходные файлы</Filter>
    </ClCompile>
    <ClCompile Include="3rd_party\tiny_obj_loader.cc">
      <Filter>Исходные файлы\3rd_party</Filter>
    </ClCompile>
    <ClCompile Include="scene_object.cpp">
      <Filter>Исходные файлы</Filter>
    </ClCompile>
    <ClCompile Include="3rd_party\imgui.cpp">
      <Filter>Исходные файлы\3rd_party\imgui</Filter>
    </ClCompile>
    <ClCompile Include="3rd_party\imgui_draw.cpp">
      <Filter>Исходные файлы\3rd_party\imgui</Filter>
    </ClCompile>
    <ClCompile Include="3rd_party\imgui_impl_dx11.cpp">
      <Filter>Исходные файлы\3rd_party\imgui</Filter>
    </ClCompile>
    <ClCompile Include="3rd_party\imgui_impl_win32.cpp">
      <Filter>Исходные файлы\3rd_party\imgui</Filter>
    </ClCompile>
    <ClCompile Include="3rd_party\imgui_widgets.cpp">
      <Filter>Исходные файлы\3rd_party\imgui</Filter>
    </ClCompile>
  </ItemGroup>
  <ItemGroup>
    <ClInclude Include="primitives.h">
      <Filter>Файлы заголовков</Filter>
    </ClInclude>
    <ClInclude Include="mesh.h">
      <Filter>Файлы заголовков</Filter>
    </ClInclude>
    <ClInclude Include="scene.h">
      <Filter>Файлы заголовков</Filter>
    </ClInclude>
    <ClInclude Include="camera.h">
      <Filter>Файлы заголовков</Filter>
    </ClInclude>
    <ClInclude Include="mesh_instance.h">
      <Filter>Файлы заголовков</Filter>
    </ClInclude>
    <ClInclude Include="renderer.h">
      <Filter>Файлы заголовков</Filter>
    </ClInclude>
    <ClInclude Include="dx11\dx11_renderer.h">
      <Filter>Файлы заголовков\dx11</Filter>
    </ClInclude>
    <ClInclude Include="dx11\shaders\pixel_shader.h">
      <Filter>Файлы заголовков\dx11\shaders</Filter>
    </ClInclude>
    <ClInclude Include="dx11\shaders\vertex_shader.h">
      <Filter>Файлы заголовков\dx11\shaders</Filter>
    </ClInclude>
    <ClInclude Include="3rd_party\tiny_obj_loader.h">
      <Filter>Файлы заголовков\3rd_party</Filter>
    </ClInclude>
    <ClInclude Include="scene_object.h">
      <Filter>Файлы заголовков</Filter>
    </ClInclude>
    <ClInclude Include="3rd_party\imconfig.h">
      <Filter>Файлы заголовков\3rd_party\imgui</Filter>
    </ClInclude>
    <ClInclude Include="3rd_party\imgui.h">
      <Filter>Файлы заголовков\3rd_party\imgui</Filter>
    </ClInclude>
    <ClInclude Include="3rd_party\imgui_impl_dx11.h">
      <Filter>Файлы заголовков\3rd_party\imgui</Filter>
    </ClInclude>
    <ClInclude Include="3rd_party\imgui_impl_win32.h">
      <Filter>Файлы заголовков\3rd_party\imgui</Filter>
    </ClInclude>
    <ClInclude Include="3rd_party\imgui_internal.h">
      <Filter>Файлы заголовков\3rd_party\imgui</Filter>
    </ClInclude>
    <ClInclude Include="3rd_party\imstb_rectpack.h">
      <Filter>Файлы заголовков\3rd_party\imgui</Filter>
    </ClInclude>
    <ClInclude Include="3rd_party\imstb_textedit.h">
      <Filter>Файлы заголовков\3rd_party\imgui</Filter>
    </ClInclude>
    <ClInclude Include="3rd_party\imstb_truetype.h">
      <Filter>Файлы заголовков\3rd_party\imgui</Filter>
    </ClInclude>
  </ItemGroup>
  <ItemGroup>
    <FxCompile Include="dx11\shaders\pixel_shader.hlsl">
      <Filter>Исходные файлы\dx11\shaders</Filter>
    </FxCompile>
    <FxCompile Include="dx11\shaders\vertex_shader.hlsl">
      <Filter>Исходные файлы\dx11\shaders</Filter>
    </FxCompile>
  </ItemGroup>
  <ItemGroup>
    <None Include="dx11\shaders\common.hlsli">
      <Filter>Исходные файлы\dx11\shaders</Filter>
    </None>
  </ItemGroup>
</Project>